dependencies:
- name: forklift
  repository: https://Datastillery.github.io/charts
  version: 3.1.1
- name: odo
  repository: https://Datastillery.github.io/charts
  version: 1.1.0
- name: reaper
  repository: https://Datastillery.github.io/charts
  version: 1.1.0
- name: valkyrie
  repository: https://Datastillery.github.io/charts
  version: 2.6.1
- name: andi
  repository: https://Datastillery.github.io/charts
  version: 2.1.0
- name: external-services
  repository: https://Datastillery.github.io/charts
  version: 1.0.0
- name: kafka
  repository: https://Datastillery.github.io/charts
  version: 1.0.1
- name: kubernetes-data-platform
  repository: https://Datastillery.github.io/charts
  version: 1.6.0
- name: discovery-api
  repository: https://Datastillery.github.io/charts
  version: 1.1.0
- name: discovery-ui
  repository: https://Datastillery.github.io/charts
  version: 1.0.0
- name: discovery-streams
  repository: https://Datastillery.github.io/charts
  version: 1.0.0
- name: vault
  repository: https://Datastillery.github.io/charts
  version: 1.2.0
- name: monitoring
  repository: https://Datastillery.github.io/charts
  version: 1.0.0
digest: sha256:160d1ad12f54e505e373c734ba426587cfaf173c87a3a3325690855afdb1eae0
generated: "2021-08-05T10:45:05.143668-05:00"
