dependencies:
- name: forklift
  repository: https://Datastillery.github.io/charts
  version: 3.1.1
- name: odo
  repository: https://Datastillery.github.io/charts
  version: 1.0.0
- name: reaper
  repository: https://Datastillery.github.io/charts
  version: 1.0.0
- name: valkyrie
  repository: https://Datastillery.github.io/charts
  version: 2.6.1
- name: andi
  repository: https://Datastillery.github.io/charts
  version: 2.0.2
- name: external-services
  repository: https://Datastillery.github.io/charts
  version: 1.0.0
- name: kafka
  repository: https://Datastillery.github.io/charts
  version: 1.0.1
- name: kubernetes-data-platform
  repository: https://Datastillery.github.io/charts
  version: 1.6.0
- name: discovery-api
  repository: https://Datastillery.github.io/charts
  version: 1.0.0
- name: discovery-ui
  repository: https://Datastillery.github.io/charts
  version: 1.0.0
- name: discovery-streams
  repository: https://Datastillery.github.io/charts
  version: 1.0.0
digest: sha256:2e35b7428303437233d967953108e567e7e075829eac18ab4c05719837424ab4
generated: "2021-07-19T12:13:15.670145-04:00"
