dependencies:
- name: forklift
  repository: https://Datastillery.github.io/charts
  version: 3.1.1
- name: odo
  repository: https://Datastillery.github.io/charts
  version: 1.1.0
- name: reaper
  repository: https://Datastillery.github.io/charts
  version: 1.1.0
- name: valkyrie
  repository: https://Datastillery.github.io/charts
  version: 2.6.1
- name: andi
  repository: https://Datastillery.github.io/charts
  version: 2.1.0
- name: external-services
  repository: https://Datastillery.github.io/charts
  version: 1.0.0
- name: kafka
  repository: https://Datastillery.github.io/charts
  version: 1.0.1
- name: kubernetes-data-platform
  repository: https://Datastillery.github.io/charts
  version: 1.6.0
- name: discovery-api
  repository: https://Datastillery.github.io/charts
  version: 1.2.0
- name: discovery-ui
  repository: https://Datastillery.github.io/charts
  version: 1.0.0
- name: discovery-streams
  repository: https://Datastillery.github.io/charts
  version: 1.0.0
- name: vault
  repository: https://Datastillery.github.io/charts
  version: 1.3.0
- name: monitoring
  repository: https://Datastillery.github.io/charts
  version: 1.0.1
- name: elasticsearch
  repository: https://helm.elastic.co
  version: 7.14.0
- name: raptor
  repository: file://../raptor
  version: 1.0.0
digest: sha256:5f25f9d3c993aaf3030dd821fb8f3bcc6d6cdbe72d75efcfc3afa6c046c3b6bf
generated: "2021-08-24T11:09:03.265515-04:00"
