dependencies:
- name: trino
  repository: https://trinodb.github.io/charts/
  version: 0.8.0
- name: operator
  repository: https://operator.min.io/
  version: 4.5.3
- name: tenant
  repository: https://operator.min.io/
  version: 4.5.3
digest: sha256:627e93329531b5de30459081de342f30a2f384173f1a495e920c4acd458d1e8e
generated: "2022-10-25T13:31:19.823281-05:00"
