dependencies:
- name: prometheus
  repository: https://prometheus-community.github.io/helm-charts
  version: 19.6.1
- name: grafana
  repository: https://grafana.github.io/helm-charts
  version: 6.50.8
- name: loki
  repository: https://grafana.github.io/helm-charts
  version: 4.8.0
digest: sha256:4494978e7f92ac42d61ffebff4b644035ff051eb11d27347b82378cf02317c0d
generated: "2023-03-30T14:39:03.6682985-06:00"
