dependencies:
- name: prometheus
  repository: https://prometheus-community.github.io/helm-charts
  version: 19.3.3
- name: grafana
  repository: https://grafana.github.io/helm-charts
  version: 6.50.5
digest: sha256:1a066c8885ac1331afafcf79d71d676a83c34f0218b2b2940546e1dd544472f7
generated: "2023-02-22T15:48:42.591598-06:00"
