dependencies:
- name: alchemist
  repository: file://../alchemist
  version: 1.0.4
- name: andi
  repository: file://../andi
  version: 2.3.1
- name: discovery-api
  repository: file://../discovery-api
  version: 1.4.6
- name: discovery-streams
  repository: file://../discovery-streams
  version: 1.1.5
- name: discovery-ui
  repository: file://../discovery-ui
  version: 1.5.4
- name: elasticsearch
  repository: https://helm.elastic.co
  version: 7.14.0
- name: external-services
  repository: file://../external-services
  version: 1.0.5
- name: forklift
  repository: file://../forklift
  version: 3.1.13
- name: kafka
  repository: file://../kafka
  version: 1.2.16
- name: kubernetes-data-platform
  repository: file://../kubernetes-data-platform
  version: 1.7.3
- name: persistence
  repository: file://../persistence
  version: 1.0.7
- name: monitoring
  repository: file://../monitoring
  version: 1.1.1
- name: raptor
  repository: file://../raptor
  version: 1.1.7
- name: reaper
  repository: file://../reaper
  version: 1.2.8
- name: valkyrie
  repository: file://../valkyrie
  version: 2.6.7
- name: vault
  repository: https://helm.releases.hashicorp.com
  version: 0.22.0
- name: operator
  repository: https://operator.min.io/
  version: 4.5.3
- name: tenant
  repository: https://operator.min.io/
  version: 4.5.3
digest: sha256:ba7a4f0d803c26dff0618ac4adc10aa5f42a1ac5ee19319bf78b63897f4d2359
generated: "2022-11-15T14:31:26.692691-06:00"
