dependencies:
- name: alchemist
  repository: file://../alchemist
  version: 1.0.2
- name: andi
  repository: file://../andi
  version: 2.2.6
- name: discovery-api
  repository: file://../discovery-api
  version: 1.4.3
- name: discovery-streams
  repository: file://../discovery-streams
  version: 1.1.2
- name: discovery-ui
  repository: file://../discovery-ui
  version: 1.3.1
- name: elasticsearch
  repository: https://helm.elastic.co
  version: 7.14.0
- name: external-services
  repository: file://../external-services
  version: 1.0.2
- name: forklift
  repository: file://../forklift
  version: 3.1.11
- name: kafka
  repository: file://../kafka
  version: 1.1.8
- name: kubernetes-data-platform
  repository: file://../kubernetes-data-platform
  version: 1.7.3
- name: persistence
  repository: file://../persistence
  version: 1.0.1
- name: monitoring
  repository: file://../monitoring
  version: 1.1.1
- name: raptor
  repository: file://../raptor
  version: 1.1.4
- name: reaper
  repository: file://../reaper
  version: 1.2.5
- name: sauron
  repository: file://../sauron
  version: 0.0.1
- name: valkyrie
  repository: file://../valkyrie
  version: 2.6.5
- name: vault
  repository: file://../vault
  version: 1.3.4
digest: sha256:f8cba6e40412a9636f7ed19dd4fc74c14e7ff29e14183f5cf86b3f461089396b
generated: "2022-09-28T13:09:35.179679-04:00"
