dependencies:
- name: alchemist
  repository: file://../alchemist
  version: 1.0.4
- name: andi
  repository: file://../andi
  version: 2.3.12
- name: discovery-api
  repository: file://../discovery-api
  version: 1.4.9
- name: discovery-streams
  repository: file://../discovery-streams
  version: 1.1.7
- name: discovery-ui
  repository: file://../discovery-ui
  version: 1.5.16
- name: elasticsearch
  repository: https://helm.elastic.co
  version: 7.14.0
- name: external-services
  repository: file://../external-services
  version: 1.0.5
- name: forklift
  repository: file://../forklift
  version: 3.1.13
- name: kafka
  repository: file://../kafka
  version: 1.2.21
- name: kubernetes-data-platform
  repository: file://../kubernetes-data-platform
  version: 1.7.3
- name: persistence
  repository: file://../persistence
  version: 1.0.7
- name: monitoring
  repository: file://../monitoring
  version: 1.1.6
- name: raptor
  repository: file://../raptor
  version: 1.1.8
- name: reaper
  repository: file://../reaper
  version: 1.2.8
- name: valkyrie
  repository: file://../valkyrie
  version: 2.6.7
- name: vault
  repository: https://helm.releases.hashicorp.com
  version: 0.22.0
- name: operator
  repository: https://operator.min.io/
  version: 4.5.6
- name: tenant
  repository: https://operator.min.io/
  version: 4.5.6
- name: performancetesting
  repository: file://../performancetesting
  version: 0.1.8
digest: sha256:b6f24baf1ffe952aec991db274ab98d14eb098fbf36f67889d38e94cd4a43e7a
generated: "2023-03-23T19:32:27.941407-04:00"
